
Microsoft Visual Studio Solution File, Format Version 12.00
# Visual Studio Version 16
VisualStudioVersion = 16.0.31229.75
MinimumVisualStudioVersion = 10.0.40219.1
Project("{FAE04EC0-301F-11D3-BF4B-00C04F79EFBC}") = "BetFriend.Domain", "BetFriend.Domain\BetFriend.Domain.csproj", "{CA03533F-4044-410B-AE46-8030F5BCC89D}"
EndProject
Global
	GlobalSection(SolutionConfigurationPlatforms) = preSolution
		Debug|Any CPU = Debug|Any CPU
		Release|Any CPU = Release|Any CPU
	EndGlobalSection
	GlobalSection(ProjectConfigurationPlatforms) = postSolution
		{CA03533F-4044-410B-AE46-8030F5BCC89D}.Debug|Any CPU.ActiveCfg = Debug|Any CPU
		{CA03533F-4044-410B-AE46-8030F5BCC89D}.Debug|Any CPU.Build.0 = Debug|Any CPU
		{CA03533F-4044-410B-AE46-8030F5BCC89D}.Release|Any CPU.ActiveCfg = Release|Any CPU
		{CA03533F-4044-410B-AE46-8030F5BCC89D}.Release|Any CPU.Build.0 = Release|Any CPU
	EndGlobalSection
	GlobalSection(SolutionProperties) = preSolution
		HideSolutionNode = FALSE
	EndGlobalSection
	GlobalSection(ExtensibilityGlobals) = postSolution
		SolutionGuid = {37AADF4B-9BA3-4CB6-9CFC-CADCD698A0C8}
	EndGlobalSection
EndGlobal
