
Microsoft Visual Studio Solution File, Format Version 12.00
# Visual Studio Version 16
VisualStudioVersion = 16.0.31229.75
MinimumVisualStudioVersion = 10.0.40219.1
Project("{9A19103F-16F7-4668-BE54-9A1E7A4F7556}") = "BetFriend.Bet.Domain", "BetFriend.Domain\BetFriend.Bet.Domain.csproj", "{CA03533F-4044-410B-AE46-8030F5BCC89D}"
EndProject
Project("{2150E333-8FDC-42A3-9474-1A3956D46DE8}") = "Src", "Src", "{61856E5F-0FDF-43B2-9DCE-6B2DB6AE19BD}"
EndProject
Project("{9A19103F-16F7-4668-BE54-9A1E7A4F7556}") = "BetFriend.Bet.Application", "BetFriend.Application\BetFriend.Bet.Application.csproj", "{70BD29DD-E04B-4B27-83DF-4C7262FBCF69}"
EndProject
Project("{2150E333-8FDC-42A3-9474-1A3956D46DE8}") = "Database", "Database", "{DAEB3913-B58A-42C5-80DF-F5B22C66DCE1}"
EndProject
Project("{9A19103F-16F7-4668-BE54-9A1E7A4F7556}") = "BetFriend.Bet.Infrastructure", "BetFriend.Infrastructure\BetFriend.Bet.Infrastructure.csproj", "{F35AB52F-0C2F-4704-BA4B-2F5FE76B847A}"
EndProject
Project("{2150E333-8FDC-42A3-9474-1A3956D46DE8}") = "Endpoints", "Endpoints", "{C8E8FB59-52E5-4AF6-BE95-276C7346F990}"
EndProject
Project("{9A19103F-16F7-4668-BE54-9A1E7A4F7556}") = "BetFriend.WebApi", "BetFriend.WebApi\BetFriend.WebApi.csproj", "{2B7715C8-589D-4E0A-99EC-6DA7B9DA111C}"
EndProject
Project("{00D1A9C2-B5F0-4AF3-8072-F6C62B433612}") = "BetFriend.Database", "BetFriend.Database\BetFriend.Database.sqlproj", "{E3D30BC7-9E08-4411-96B5-34437DFDD77F}"
EndProject
Project("{2150E333-8FDC-42A3-9474-1A3956D46DE8}") = "Modules", "Modules", "{BF645286-91BE-4736-AADA-139461B68FB4}"
EndProject
Project("{2150E333-8FDC-42A3-9474-1A3956D46DE8}") = "Bet", "Bet", "{87D4916B-D075-4B7B-855F-F558AC4E7052}"
EndProject
Project("{2150E333-8FDC-42A3-9474-1A3956D46DE8}") = "UserAccess", "UserAccess", "{D2C63FE9-DF2E-49EA-9D01-91DA12AB6F2A}"
EndProject
Project("{9A19103F-16F7-4668-BE54-9A1E7A4F7556}") = "BetFriend.Bet.UnitTests", "BetFriend.UnitTests\BetFriend.Bet.UnitTests.csproj", "{A5E59C0B-C32A-4822-A6AD-E002057545CD}"
EndProject
Project("{9A19103F-16F7-4668-BE54-9A1E7A4F7556}") = "BetFriend.UserAccess.UnitTests", "BetFriend.UserAccess.UnitTests\BetFriend.UserAccess.UnitTests.csproj", "{CEE57D90-3768-4F7B-8366-5C58B79AAECD}"
EndProject
Project("{9A19103F-16F7-4668-BE54-9A1E7A4F7556}") = "BetFriend.UserAccess.Domain", "BetFriend.UserAccess.Domain\BetFriend.UserAccess.Domain.csproj", "{3868C51C-BE24-4315-AFE6-08E26F99F190}"
EndProject
Project("{9A19103F-16F7-4668-BE54-9A1E7A4F7556}") = "BetFriend.UserAccess.Application", "BetFriend.UserAccess.Application\BetFriend.UserAccess.Application.csproj", "{F64F6842-EDFB-4773-B81B-7D4965741DED}"
EndProject
Project("{9A19103F-16F7-4668-BE54-9A1E7A4F7556}") = "BetFriend.UserAccess.Infrastructure", "BetFriend.UserAccess.Infrastructure\BetFriend.UserAccess.Infrastructure.csproj", "{565CE899-9709-49FF-84BF-91BED57C8CAB}"
EndProject
Project("{2150E333-8FDC-42A3-9474-1A3956D46DE8}") = "Shared", "Shared", "{828F2103-9E2F-48F5-B2E2-EC7028BA783C}"
EndProject
Project("{9A19103F-16F7-4668-BE54-9A1E7A4F7556}") = "BetFriend.Shared.Domain", "BetFriend.Shared.Domain\BetFriend.Shared.Domain.csproj", "{602708D9-6607-436D-9C88-1C18D8F15C7D}"
EndProject
Project("{9A19103F-16F7-4668-BE54-9A1E7A4F7556}") = "BetFriend.Shared.Application", "BetFriend.Shared.Application\BetFriend.Shared.Application.csproj", "{A8374DB8-89D4-448A-924D-76AE9BDDD3DC}"
EndProject
Project("{9A19103F-16F7-4668-BE54-9A1E7A4F7556}") = "BetFriend.Shared.Infrastructure", "BetFriend.Shared.Infrastructure\BetFriend.Shared.Infrastructure.csproj", "{01765A4B-E03A-469E-9AC8-C4E4DFC45895}"
EndProject
Project("{9A19103F-16F7-4668-BE54-9A1E7A4F7556}") = "BetFriend.AzureFunctions", "BetFriend.AzureFunctions\BetFriend.AzureFunctions.csproj", "{44194E58-4CB2-4111-8180-EF59694F7D13}"
EndProject
Global
	GlobalSection(SolutionConfigurationPlatforms) = preSolution
		Debug|Any CPU = Debug|Any CPU
		Release|Any CPU = Release|Any CPU
	EndGlobalSection
	GlobalSection(ProjectConfigurationPlatforms) = postSolution
		{CA03533F-4044-410B-AE46-8030F5BCC89D}.Debug|Any CPU.ActiveCfg = Debug|Any CPU
		{CA03533F-4044-410B-AE46-8030F5BCC89D}.Debug|Any CPU.Build.0 = Debug|Any CPU
		{CA03533F-4044-410B-AE46-8030F5BCC89D}.Release|Any CPU.ActiveCfg = Release|Any CPU
		{CA03533F-4044-410B-AE46-8030F5BCC89D}.Release|Any CPU.Build.0 = Release|Any CPU
		{70BD29DD-E04B-4B27-83DF-4C7262FBCF69}.Debug|Any CPU.ActiveCfg = Debug|Any CPU
		{70BD29DD-E04B-4B27-83DF-4C7262FBCF69}.Debug|Any CPU.Build.0 = Debug|Any CPU
		{70BD29DD-E04B-4B27-83DF-4C7262FBCF69}.Release|Any CPU.ActiveCfg = Release|Any CPU
		{70BD29DD-E04B-4B27-83DF-4C7262FBCF69}.Release|Any CPU.Build.0 = Release|Any CPU
		{F35AB52F-0C2F-4704-BA4B-2F5FE76B847A}.Debug|Any CPU.ActiveCfg = Debug|Any CPU
		{F35AB52F-0C2F-4704-BA4B-2F5FE76B847A}.Debug|Any CPU.Build.0 = Debug|Any CPU
		{F35AB52F-0C2F-4704-BA4B-2F5FE76B847A}.Release|Any CPU.ActiveCfg = Release|Any CPU
		{F35AB52F-0C2F-4704-BA4B-2F5FE76B847A}.Release|Any CPU.Build.0 = Release|Any CPU
		{2B7715C8-589D-4E0A-99EC-6DA7B9DA111C}.Debug|Any CPU.ActiveCfg = Debug|Any CPU
		{2B7715C8-589D-4E0A-99EC-6DA7B9DA111C}.Debug|Any CPU.Build.0 = Debug|Any CPU
		{2B7715C8-589D-4E0A-99EC-6DA7B9DA111C}.Release|Any CPU.ActiveCfg = Release|Any CPU
		{2B7715C8-589D-4E0A-99EC-6DA7B9DA111C}.Release|Any CPU.Build.0 = Release|Any CPU
		{E3D30BC7-9E08-4411-96B5-34437DFDD77F}.Debug|Any CPU.ActiveCfg = Debug|Any CPU
		{E3D30BC7-9E08-4411-96B5-34437DFDD77F}.Debug|Any CPU.Build.0 = Debug|Any CPU
		{E3D30BC7-9E08-4411-96B5-34437DFDD77F}.Debug|Any CPU.Deploy.0 = Debug|Any CPU
		{E3D30BC7-9E08-4411-96B5-34437DFDD77F}.Release|Any CPU.ActiveCfg = Release|Any CPU
		{E3D30BC7-9E08-4411-96B5-34437DFDD77F}.Release|Any CPU.Build.0 = Release|Any CPU
		{E3D30BC7-9E08-4411-96B5-34437DFDD77F}.Release|Any CPU.Deploy.0 = Release|Any CPU
		{A5E59C0B-C32A-4822-A6AD-E002057545CD}.Debug|Any CPU.ActiveCfg = Debug|Any CPU
		{A5E59C0B-C32A-4822-A6AD-E002057545CD}.Debug|Any CPU.Build.0 = Debug|Any CPU
		{A5E59C0B-C32A-4822-A6AD-E002057545CD}.Release|Any CPU.ActiveCfg = Release|Any CPU
		{A5E59C0B-C32A-4822-A6AD-E002057545CD}.Release|Any CPU.Build.0 = Release|Any CPU
		{CEE57D90-3768-4F7B-8366-5C58B79AAECD}.Debug|Any CPU.ActiveCfg = Debug|Any CPU
		{CEE57D90-3768-4F7B-8366-5C58B79AAECD}.Debug|Any CPU.Build.0 = Debug|Any CPU
		{CEE57D90-3768-4F7B-8366-5C58B79AAECD}.Release|Any CPU.ActiveCfg = Release|Any CPU
		{CEE57D90-3768-4F7B-8366-5C58B79AAECD}.Release|Any CPU.Build.0 = Release|Any CPU
		{3868C51C-BE24-4315-AFE6-08E26F99F190}.Debug|Any CPU.ActiveCfg = Debug|Any CPU
		{3868C51C-BE24-4315-AFE6-08E26F99F190}.Debug|Any CPU.Build.0 = Debug|Any CPU
		{3868C51C-BE24-4315-AFE6-08E26F99F190}.Release|Any CPU.ActiveCfg = Release|Any CPU
		{3868C51C-BE24-4315-AFE6-08E26F99F190}.Release|Any CPU.Build.0 = Release|Any CPU
		{F64F6842-EDFB-4773-B81B-7D4965741DED}.Debug|Any CPU.ActiveCfg = Debug|Any CPU
		{F64F6842-EDFB-4773-B81B-7D4965741DED}.Debug|Any CPU.Build.0 = Debug|Any CPU
		{F64F6842-EDFB-4773-B81B-7D4965741DED}.Release|Any CPU.ActiveCfg = Release|Any CPU
		{F64F6842-EDFB-4773-B81B-7D4965741DED}.Release|Any CPU.Build.0 = Release|Any CPU
		{565CE899-9709-49FF-84BF-91BED57C8CAB}.Debug|Any CPU.ActiveCfg = Debug|Any CPU
		{565CE899-9709-49FF-84BF-91BED57C8CAB}.Debug|Any CPU.Build.0 = Debug|Any CPU
		{565CE899-9709-49FF-84BF-91BED57C8CAB}.Release|Any CPU.ActiveCfg = Release|Any CPU
		{565CE899-9709-49FF-84BF-91BED57C8CAB}.Release|Any CPU.Build.0 = Release|Any CPU
		{602708D9-6607-436D-9C88-1C18D8F15C7D}.Debug|Any CPU.ActiveCfg = Debug|Any CPU
		{602708D9-6607-436D-9C88-1C18D8F15C7D}.Debug|Any CPU.Build.0 = Debug|Any CPU
		{602708D9-6607-436D-9C88-1C18D8F15C7D}.Release|Any CPU.ActiveCfg = Release|Any CPU
		{602708D9-6607-436D-9C88-1C18D8F15C7D}.Release|Any CPU.Build.0 = Release|Any CPU
		{A8374DB8-89D4-448A-924D-76AE9BDDD3DC}.Debug|Any CPU.ActiveCfg = Debug|Any CPU
		{A8374DB8-89D4-448A-924D-76AE9BDDD3DC}.Debug|Any CPU.Build.0 = Debug|Any CPU
		{A8374DB8-89D4-448A-924D-76AE9BDDD3DC}.Release|Any CPU.ActiveCfg = Release|Any CPU
		{A8374DB8-89D4-448A-924D-76AE9BDDD3DC}.Release|Any CPU.Build.0 = Release|Any CPU
		{01765A4B-E03A-469E-9AC8-C4E4DFC45895}.Debug|Any CPU.ActiveCfg = Debug|Any CPU
		{01765A4B-E03A-469E-9AC8-C4E4DFC45895}.Debug|Any CPU.Build.0 = Debug|Any CPU
		{01765A4B-E03A-469E-9AC8-C4E4DFC45895}.Release|Any CPU.ActiveCfg = Release|Any CPU
		{01765A4B-E03A-469E-9AC8-C4E4DFC45895}.Release|Any CPU.Build.0 = Release|Any CPU
		{44194E58-4CB2-4111-8180-EF59694F7D13}.Debug|Any CPU.ActiveCfg = Debug|Any CPU
		{44194E58-4CB2-4111-8180-EF59694F7D13}.Debug|Any CPU.Build.0 = Debug|Any CPU
		{44194E58-4CB2-4111-8180-EF59694F7D13}.Release|Any CPU.ActiveCfg = Release|Any CPU
		{44194E58-4CB2-4111-8180-EF59694F7D13}.Release|Any CPU.Build.0 = Release|Any CPU
	EndGlobalSection
	GlobalSection(SolutionProperties) = preSolution
		HideSolutionNode = FALSE
	EndGlobalSection
	GlobalSection(NestedProjects) = preSolution
		{CA03533F-4044-410B-AE46-8030F5BCC89D} = {87D4916B-D075-4B7B-855F-F558AC4E7052}
		{70BD29DD-E04B-4B27-83DF-4C7262FBCF69} = {87D4916B-D075-4B7B-855F-F558AC4E7052}
		{DAEB3913-B58A-42C5-80DF-F5B22C66DCE1} = {61856E5F-0FDF-43B2-9DCE-6B2DB6AE19BD}
		{F35AB52F-0C2F-4704-BA4B-2F5FE76B847A} = {87D4916B-D075-4B7B-855F-F558AC4E7052}
		{C8E8FB59-52E5-4AF6-BE95-276C7346F990} = {61856E5F-0FDF-43B2-9DCE-6B2DB6AE19BD}
		{2B7715C8-589D-4E0A-99EC-6DA7B9DA111C} = {C8E8FB59-52E5-4AF6-BE95-276C7346F990}
		{E3D30BC7-9E08-4411-96B5-34437DFDD77F} = {DAEB3913-B58A-42C5-80DF-F5B22C66DCE1}
		{BF645286-91BE-4736-AADA-139461B68FB4} = {61856E5F-0FDF-43B2-9DCE-6B2DB6AE19BD}
		{87D4916B-D075-4B7B-855F-F558AC4E7052} = {BF645286-91BE-4736-AADA-139461B68FB4}
		{D2C63FE9-DF2E-49EA-9D01-91DA12AB6F2A} = {BF645286-91BE-4736-AADA-139461B68FB4}
		{A5E59C0B-C32A-4822-A6AD-E002057545CD} = {87D4916B-D075-4B7B-855F-F558AC4E7052}
		{CEE57D90-3768-4F7B-8366-5C58B79AAECD} = {D2C63FE9-DF2E-49EA-9D01-91DA12AB6F2A}
		{3868C51C-BE24-4315-AFE6-08E26F99F190} = {D2C63FE9-DF2E-49EA-9D01-91DA12AB6F2A}
		{F64F6842-EDFB-4773-B81B-7D4965741DED} = {D2C63FE9-DF2E-49EA-9D01-91DA12AB6F2A}
		{565CE899-9709-49FF-84BF-91BED57C8CAB} = {D2C63FE9-DF2E-49EA-9D01-91DA12AB6F2A}
		{828F2103-9E2F-48F5-B2E2-EC7028BA783C} = {61856E5F-0FDF-43B2-9DCE-6B2DB6AE19BD}
		{602708D9-6607-436D-9C88-1C18D8F15C7D} = {828F2103-9E2F-48F5-B2E2-EC7028BA783C}
		{A8374DB8-89D4-448A-924D-76AE9BDDD3DC} = {828F2103-9E2F-48F5-B2E2-EC7028BA783C}
		{01765A4B-E03A-469E-9AC8-C4E4DFC45895} = {828F2103-9E2F-48F5-B2E2-EC7028BA783C}
		{44194E58-4CB2-4111-8180-EF59694F7D13} = {C8E8FB59-52E5-4AF6-BE95-276C7346F990}
	EndGlobalSection
	GlobalSection(ExtensibilityGlobals) = postSolution
		SolutionGuid = {37AADF4B-9BA3-4CB6-9CFC-CADCD698A0C8}
	EndGlobalSection
EndGlobal
